
Microsoft Visual Studio Solution File, Format Version 11.00
# Visual Studio 2010
Project("{FAE04EC0-301F-11D3-BF4B-00C04F79EFBC}") = "poopkin", "Assembly-CSharp-firstpass.csproj", "{2998ACB2-F8C7-1BD2-61F6-7A0449DA5E5F}"
EndProject
Project("{FAE04EC0-301F-11D3-BF4B-00C04F79EFBC}") = "poopkin", "Assembly-CSharp.csproj", "{90E2C599-9330-E208-AA95-D624F0108FC1}"
EndProject
Project("{FAE04EC0-301F-11D3-BF4B-00C04F79EFBC}") = "poopkin", "Assembly-CSharp-Editor-firstpass.csproj", "{B06FE593-D5C0-7BC0-8B56-E4A722948ABE}"
EndProject
Global
	GlobalSection(SolutionConfigurationPlatforms) = preSolution
		Debug|Any CPU = Debug|Any CPU
		Release|Any CPU = Release|Any CPU
	EndGlobalSection
	GlobalSection(ProjectConfigurationPlatforms) = postSolution
		{2998ACB2-F8C7-1BD2-61F6-7A0449DA5E5F}.Debug|Any CPU.ActiveCfg = Debug|Any CPU
		{2998ACB2-F8C7-1BD2-61F6-7A0449DA5E5F}.Debug|Any CPU.Build.0 = Debug|Any CPU
		{2998ACB2-F8C7-1BD2-61F6-7A0449DA5E5F}.Release|Any CPU.ActiveCfg = Release|Any CPU
		{2998ACB2-F8C7-1BD2-61F6-7A0449DA5E5F}.Release|Any CPU.Build.0 = Release|Any CPU
		{90E2C599-9330-E208-AA95-D624F0108FC1}.Debug|Any CPU.ActiveCfg = Debug|Any CPU
		{90E2C599-9330-E208-AA95-D624F0108FC1}.Debug|Any CPU.Build.0 = Debug|Any CPU
		{90E2C599-9330-E208-AA95-D624F0108FC1}.Release|Any CPU.ActiveCfg = Release|Any CPU
		{90E2C599-9330-E208-AA95-D624F0108FC1}.Release|Any CPU.Build.0 = Release|Any CPU
		{B06FE593-D5C0-7BC0-8B56-E4A722948ABE}.Debug|Any CPU.ActiveCfg = Debug|Any CPU
		{B06FE593-D5C0-7BC0-8B56-E4A722948ABE}.Debug|Any CPU.Build.0 = Debug|Any CPU
		{B06FE593-D5C0-7BC0-8B56-E4A722948ABE}.Release|Any CPU.ActiveCfg = Release|Any CPU
		{B06FE593-D5C0-7BC0-8B56-E4A722948ABE}.Release|Any CPU.Build.0 = Release|Any CPU
	EndGlobalSection
	GlobalSection(SolutionProperties) = preSolution
		HideSolutionNode = FALSE
	EndGlobalSection
	GlobalSection(MonoDevelopProperties) = preSolution
		StartupItem = Assembly-CSharp.csproj
	EndGlobalSection
EndGlobal
